
Microsoft Visual Studio Solution File, Format Version 12.00
# Visual Studio Version 17
VisualStudioVersion = 17.6.33723.286
MinimumVisualStudioVersion = 10.0.40219.1
Project("{FAE04EC0-301F-11D3-BF4B-00C04F79EFBC}") = "KafkaTopicFunction", "KafkaTopicFunction\KafkaTopicFunction.csproj", "{426336CF-F575-4F4F-8844-97D9DD1482BF}"
EndProject
Global
	GlobalSection(SolutionConfigurationPlatforms) = preSolution
		Debug|Any CPU = Debug|Any CPU
		Release|Any CPU = Release|Any CPU
	EndGlobalSection
	GlobalSection(ProjectConfigurationPlatforms) = postSolution
		{426336CF-F575-4F4F-8844-97D9DD1482BF}.Debug|Any CPU.ActiveCfg = Debug|Any CPU
		{426336CF-F575-4F4F-8844-97D9DD1482BF}.Debug|Any CPU.Build.0 = Debug|Any CPU
		{426336CF-F575-4F4F-8844-97D9DD1482BF}.Release|Any CPU.ActiveCfg = Release|Any CPU
		{426336CF-F575-4F4F-8844-97D9DD1482BF}.Release|Any CPU.Build.0 = Release|Any CPU
	EndGlobalSection
	GlobalSection(SolutionProperties) = preSolution
		HideSolutionNode = FALSE
	EndGlobalSection
	GlobalSection(ExtensibilityGlobals) = postSolution
		SolutionGuid = {2D3EAC3F-7D33-44C3-8386-988CAAAB8F76}
	EndGlobalSection
EndGlobal
